
Microsoft Visual Studio Solution File, Format Version 12.00
# Visual Studio Version 17
VisualStudioVersion = 17.5.33627.172
MinimumVisualStudioVersion = 10.0.40219.1
Project("{9A19103F-16F7-4668-BE54-9A1E7A4F7556}") = "University.Web", "University.Web\University.Web.csproj", "{5EFEDD40-7E7B-41AC-8327-A5F32F50FC89}"
EndProject
Project("{9A19103F-16F7-4668-BE54-9A1E7A4F7556}") = "University.Core", "University.Core\University.Core.csproj", "{9F7867AC-17C0-40B7-9AC8-080A3D5A5521}"
EndProject
Project("{9A19103F-16F7-4668-BE54-9A1E7A4F7556}") = "University.DataLayer", "University.DataLayer\University.DataLayer.csproj", "{C7B608C9-CD16-44DC-AFF8-36013CE5D7F0}"
EndProject
Project("{FAE04EC0-301F-11D3-BF4B-00C04F79EFBC}") = "University.RestAPI", "University.RestAPI\University.RestAPI.csproj", "{2BF6B470-4B7F-42F8-8F5E-7D36A4583C5F}"
EndProject
Global
	GlobalSection(SolutionConfigurationPlatforms) = preSolution
		Debug|Any CPU = Debug|Any CPU
		Release|Any CPU = Release|Any CPU
	EndGlobalSection
	GlobalSection(ProjectConfigurationPlatforms) = postSolution
		{5EFEDD40-7E7B-41AC-8327-A5F32F50FC89}.Debug|Any CPU.ActiveCfg = Debug|Any CPU
		{5EFEDD40-7E7B-41AC-8327-A5F32F50FC89}.Debug|Any CPU.Build.0 = Debug|Any CPU
		{5EFEDD40-7E7B-41AC-8327-A5F32F50FC89}.Release|Any CPU.ActiveCfg = Release|Any CPU
		{5EFEDD40-7E7B-41AC-8327-A5F32F50FC89}.Release|Any CPU.Build.0 = Release|Any CPU
		{9F7867AC-17C0-40B7-9AC8-080A3D5A5521}.Debug|Any CPU.ActiveCfg = Debug|Any CPU
		{9F7867AC-17C0-40B7-9AC8-080A3D5A5521}.Debug|Any CPU.Build.0 = Debug|Any CPU
		{9F7867AC-17C0-40B7-9AC8-080A3D5A5521}.Release|Any CPU.ActiveCfg = Release|Any CPU
		{9F7867AC-17C0-40B7-9AC8-080A3D5A5521}.Release|Any CPU.Build.0 = Release|Any CPU
		{C7B608C9-CD16-44DC-AFF8-36013CE5D7F0}.Debug|Any CPU.ActiveCfg = Debug|Any CPU
		{C7B608C9-CD16-44DC-AFF8-36013CE5D7F0}.Debug|Any CPU.Build.0 = Debug|Any CPU
		{C7B608C9-CD16-44DC-AFF8-36013CE5D7F0}.Release|Any CPU.ActiveCfg = Release|Any CPU
		{C7B608C9-CD16-44DC-AFF8-36013CE5D7F0}.Release|Any CPU.Build.0 = Release|Any CPU
		{2BF6B470-4B7F-42F8-8F5E-7D36A4583C5F}.Debug|Any CPU.ActiveCfg = Debug|Any CPU
		{2BF6B470-4B7F-42F8-8F5E-7D36A4583C5F}.Debug|Any CPU.Build.0 = Debug|Any CPU
		{2BF6B470-4B7F-42F8-8F5E-7D36A4583C5F}.Release|Any CPU.ActiveCfg = Release|Any CPU
		{2BF6B470-4B7F-42F8-8F5E-7D36A4583C5F}.Release|Any CPU.Build.0 = Release|Any CPU
	EndGlobalSection
	GlobalSection(SolutionProperties) = preSolution
		HideSolutionNode = FALSE
	EndGlobalSection
	GlobalSection(ExtensibilityGlobals) = postSolution
		SolutionGuid = {34C76887-41E9-4177-A92B-1B858E8CFB89}
	EndGlobalSection
EndGlobal
